
Microsoft Visual Studio Solution File, Format Version 12.00
# Visual Studio Version 17
VisualStudioVersion = 17.13.35825.156
MinimumVisualStudioVersion = 10.0.40219.1
Project("{8BC9CEB8-8B4A-11D0-8D11-00A0C91BC942}") = "25AIC2", "25AIC2\25AIC2.vcxproj", "{CBDD9E60-A957-4CBC-B8CE-2ABCBE58479B}"
EndProject
Project("{8BC9CEB8-8B4A-11D0-8D11-00A0C91BC942}") = "0915", "0915\0915.vcxproj", "{8B064D6C-4CEA-49E1-8C0E-70259040E62F}"
EndProject
Global
	GlobalSection(SolutionConfigurationPlatforms) = preSolution
		Debug|x64 = Debug|x64
		Debug|x86 = Debug|x86
		Release|x64 = Release|x64
		Release|x86 = Release|x86
	EndGlobalSection
	GlobalSection(ProjectConfigurationPlatforms) = postSolution
		{CBDD9E60-A957-4CBC-B8CE-2ABCBE58479B}.Debug|x64.ActiveCfg = Debug|x64
		{CBDD9E60-A957-4CBC-B8CE-2ABCBE58479B}.Debug|x64.Build.0 = Debug|x64
		{CBDD9E60-A957-4CBC-B8CE-2ABCBE58479B}.Debug|x86.ActiveCfg = Debug|Win32
		{CBDD9E60-A957-4CBC-B8CE-2ABCBE58479B}.Debug|x86.Build.0 = Debug|Win32
		{CBDD9E60-A957-4CBC-B8CE-2ABCBE58479B}.Release|x64.ActiveCfg = Release|x64
		{CBDD9E60-A957-4CBC-B8CE-2ABCBE58479B}.Release|x64.Build.0 = Release|x64
		{CBDD9E60-A957-4CBC-B8CE-2ABCBE58479B}.Release|x86.ActiveCfg = Release|Win32
		{CBDD9E60-A957-4CBC-B8CE-2ABCBE58479B}.Release|x86.Build.0 = Release|Win32
		{8B064D6C-4CEA-49E1-8C0E-70259040E62F}.Debug|x64.ActiveCfg = Debug|x64
		{8B064D6C-4CEA-49E1-8C0E-70259040E62F}.Debug|x64.Build.0 = Debug|x64
		{8B064D6C-4CEA-49E1-8C0E-70259040E62F}.Debug|x86.ActiveCfg = Debug|Win32
		{8B064D6C-4CEA-49E1-8C0E-70259040E62F}.Debug|x86.Build.0 = Debug|Win32
		{8B064D6C-4CEA-49E1-8C0E-70259040E62F}.Release|x64.ActiveCfg = Release|x64
		{8B064D6C-4CEA-49E1-8C0E-70259040E62F}.Release|x64.Build.0 = Release|x64
		{8B064D6C-4CEA-49E1-8C0E-70259040E62F}.Release|x86.ActiveCfg = Release|Win32
		{8B064D6C-4CEA-49E1-8C0E-70259040E62F}.Release|x86.Build.0 = Release|Win32
	EndGlobalSection
	GlobalSection(SolutionProperties) = preSolution
		HideSolutionNode = FALSE
	EndGlobalSection
	GlobalSection(ExtensibilityGlobals) = postSolution
		SolutionGuid = {39B67733-592C-40BD-A3CB-38A052A80F51}
	EndGlobalSection
EndGlobal
