
Microsoft Visual Studio Solution File, Format Version 12.00
# Visual Studio Version 17
VisualStudioVersion = 17.13.35825.156
MinimumVisualStudioVersion = 10.0.40219.1
Project("{8BC9CEB8-8B4A-11D0-8D11-00A0C91BC942}") = "0910", "25AIC2\25AIC2.vcxproj", "{CBDD9E60-A957-4CBC-B8CE-2ABCBE58479B}"
EndProject
Project("{8BC9CEB8-8B4A-11D0-8D11-00A0C91BC942}") = "0915", "0915\0915.vcxproj", "{8B064D6C-4CEA-49E1-8C0E-70259040E62F}"
EndProject
Project("{8BC9CEB8-8B4A-11D0-8D11-00A0C91BC942}") = "0916", "0916\0916.vcxproj", "{356B8403-B23B-4FA8-A329-40C43955395B}"
EndProject
Project("{8BC9CEB8-8B4A-11D0-8D11-00A0C91BC942}") = "HW03", "HW03\HW03.vcxproj", "{1A44DB56-AF26-423E-AE3C-840F243440D7}"
EndProject
Project("{8BC9CEB8-8B4A-11D0-8D11-00A0C91BC942}") = "0922", "0922\0922.vcxproj", "{15A3BA92-C891-4662-9328-DED0716FEA4C}"
EndProject
Project("{8BC9CEB8-8B4A-11D0-8D11-00A0C91BC942}") = "1013", "1013\1013.vcxproj", "{6A654B04-A204-4DBA-AD5B-F0A16AC320EB}"
EndProject
Project("{8BC9CEB8-8B4A-11D0-8D11-00A0C91BC942}") = "1014", "1014\1014.vcxproj", "{77DC293C-7D4D-4BAD-B4E1-59F4C23A9992}"
EndProject
Global
	GlobalSection(SolutionConfigurationPlatforms) = preSolution
		Debug|x64 = Debug|x64
		Debug|x86 = Debug|x86
		Release|x64 = Release|x64
		Release|x86 = Release|x86
	EndGlobalSection
	GlobalSection(ProjectConfigurationPlatforms) = postSolution
		{CBDD9E60-A957-4CBC-B8CE-2ABCBE58479B}.Debug|x64.ActiveCfg = Debug|x64
		{CBDD9E60-A957-4CBC-B8CE-2ABCBE58479B}.Debug|x64.Build.0 = Debug|x64
		{CBDD9E60-A957-4CBC-B8CE-2ABCBE58479B}.Debug|x86.ActiveCfg = Debug|Win32
		{CBDD9E60-A957-4CBC-B8CE-2ABCBE58479B}.Debug|x86.Build.0 = Debug|Win32
		{CBDD9E60-A957-4CBC-B8CE-2ABCBE58479B}.Release|x64.ActiveCfg = Release|x64
		{CBDD9E60-A957-4CBC-B8CE-2ABCBE58479B}.Release|x64.Build.0 = Release|x64
		{CBDD9E60-A957-4CBC-B8CE-2ABCBE58479B}.Release|x86.ActiveCfg = Release|Win32
		{CBDD9E60-A957-4CBC-B8CE-2ABCBE58479B}.Release|x86.Build.0 = Release|Win32
		{8B064D6C-4CEA-49E1-8C0E-70259040E62F}.Debug|x64.ActiveCfg = Debug|x64
		{8B064D6C-4CEA-49E1-8C0E-70259040E62F}.Debug|x64.Build.0 = Debug|x64
		{8B064D6C-4CEA-49E1-8C0E-70259040E62F}.Debug|x86.ActiveCfg = Debug|Win32
		{8B064D6C-4CEA-49E1-8C0E-70259040E62F}.Debug|x86.Build.0 = Debug|Win32
		{8B064D6C-4CEA-49E1-8C0E-70259040E62F}.Release|x64.ActiveCfg = Release|x64
		{8B064D6C-4CEA-49E1-8C0E-70259040E62F}.Release|x64.Build.0 = Release|x64
		{8B064D6C-4CEA-49E1-8C0E-70259040E62F}.Release|x86.ActiveCfg = Release|Win32
		{8B064D6C-4CEA-49E1-8C0E-70259040E62F}.Release|x86.Build.0 = Release|Win32
		{356B8403-B23B-4FA8-A329-40C43955395B}.Debug|x64.ActiveCfg = Debug|x64
		{356B8403-B23B-4FA8-A329-40C43955395B}.Debug|x64.Build.0 = Debug|x64
		{356B8403-B23B-4FA8-A329-40C43955395B}.Debug|x86.ActiveCfg = Debug|Win32
		{356B8403-B23B-4FA8-A329-40C43955395B}.Debug|x86.Build.0 = Debug|Win32
		{356B8403-B23B-4FA8-A329-40C43955395B}.Release|x64.ActiveCfg = Release|x64
		{356B8403-B23B-4FA8-A329-40C43955395B}.Release|x64.Build.0 = Release|x64
		{356B8403-B23B-4FA8-A329-40C43955395B}.Release|x86.ActiveCfg = Release|Win32
		{356B8403-B23B-4FA8-A329-40C43955395B}.Release|x86.Build.0 = Release|Win32
		{1A44DB56-AF26-423E-AE3C-840F243440D7}.Debug|x64.ActiveCfg = Debug|x64
		{1A44DB56-AF26-423E-AE3C-840F243440D7}.Debug|x64.Build.0 = Debug|x64
		{1A44DB56-AF26-423E-AE3C-840F243440D7}.Debug|x86.ActiveCfg = Debug|Win32
		{1A44DB56-AF26-423E-AE3C-840F243440D7}.Debug|x86.Build.0 = Debug|Win32
		{1A44DB56-AF26-423E-AE3C-840F243440D7}.Release|x64.ActiveCfg = Release|x64
		{1A44DB56-AF26-423E-AE3C-840F243440D7}.Release|x64.Build.0 = Release|x64
		{1A44DB56-AF26-423E-AE3C-840F243440D7}.Release|x86.ActiveCfg = Release|Win32
		{1A44DB56-AF26-423E-AE3C-840F243440D7}.Release|x86.Build.0 = Release|Win32
		{15A3BA92-C891-4662-9328-DED0716FEA4C}.Debug|x64.ActiveCfg = Debug|x64
		{15A3BA92-C891-4662-9328-DED0716FEA4C}.Debug|x64.Build.0 = Debug|x64
		{15A3BA92-C891-4662-9328-DED0716FEA4C}.Debug|x86.ActiveCfg = Debug|Win32
		{15A3BA92-C891-4662-9328-DED0716FEA4C}.Debug|x86.Build.0 = Debug|Win32
		{15A3BA92-C891-4662-9328-DED0716FEA4C}.Release|x64.ActiveCfg = Release|x64
		{15A3BA92-C891-4662-9328-DED0716FEA4C}.Release|x64.Build.0 = Release|x64
		{15A3BA92-C891-4662-9328-DED0716FEA4C}.Release|x86.ActiveCfg = Release|Win32
		{15A3BA92-C891-4662-9328-DED0716FEA4C}.Release|x86.Build.0 = Release|Win32
		{6A654B04-A204-4DBA-AD5B-F0A16AC320EB}.Debug|x64.ActiveCfg = Debug|x64
		{6A654B04-A204-4DBA-AD5B-F0A16AC320EB}.Debug|x64.Build.0 = Debug|x64
		{6A654B04-A204-4DBA-AD5B-F0A16AC320EB}.Debug|x86.ActiveCfg = Debug|Win32
		{6A654B04-A204-4DBA-AD5B-F0A16AC320EB}.Debug|x86.Build.0 = Debug|Win32
		{6A654B04-A204-4DBA-AD5B-F0A16AC320EB}.Release|x64.ActiveCfg = Release|x64
		{6A654B04-A204-4DBA-AD5B-F0A16AC320EB}.Release|x64.Build.0 = Release|x64
		{6A654B04-A204-4DBA-AD5B-F0A16AC320EB}.Release|x86.ActiveCfg = Release|Win32
		{6A654B04-A204-4DBA-AD5B-F0A16AC320EB}.Release|x86.Build.0 = Release|Win32
		{77DC293C-7D4D-4BAD-B4E1-59F4C23A9992}.Debug|x64.ActiveCfg = Debug|x64
		{77DC293C-7D4D-4BAD-B4E1-59F4C23A9992}.Debug|x64.Build.0 = Debug|x64
		{77DC293C-7D4D-4BAD-B4E1-59F4C23A9992}.Debug|x86.ActiveCfg = Debug|Win32
		{77DC293C-7D4D-4BAD-B4E1-59F4C23A9992}.Debug|x86.Build.0 = Debug|Win32
		{77DC293C-7D4D-4BAD-B4E1-59F4C23A9992}.Release|x64.ActiveCfg = Release|x64
		{77DC293C-7D4D-4BAD-B4E1-59F4C23A9992}.Release|x64.Build.0 = Release|x64
		{77DC293C-7D4D-4BAD-B4E1-59F4C23A9992}.Release|x86.ActiveCfg = Release|Win32
		{77DC293C-7D4D-4BAD-B4E1-59F4C23A9992}.Release|x86.Build.0 = Release|Win32
	EndGlobalSection
	GlobalSection(SolutionProperties) = preSolution
		HideSolutionNode = FALSE
	EndGlobalSection
	GlobalSection(ExtensibilityGlobals) = postSolution
		SolutionGuid = {39B67733-592C-40BD-A3CB-38A052A80F51}
	EndGlobalSection
EndGlobal
